// !$*UTF8*$!
{
	archiveVersion = 1;
	classes = {
	};
	objectVersion = 46;
	objects = {

/* Begin PBXBuildFile section */
		471A383B1E9EA1F400EEEF91 /* WkWebViewController.storyboard in Resources */ = {isa = PBXBuildFile; fileRef = 471A383A1E9EA1F400EEEF91 /* WkWebViewController.storyboard */; };
		471A383D1E9EA22500EEEF91 /* ClickMeEventRegister.js in Resources */ = {isa = PBXBuildFile; fileRef = 471A383C1E9EA22500EEEF91 /* ClickMeEventRegister.js */; };
		471A383F1E9EA22F00EEEF91 /* fetch.js in Resources */ = {isa = PBXBuildFile; fileRef = 471A383E1E9EA22F00EEEF91 /* fetch.js */; };
		471A38411E9EA23B00EEEF91 /* fwd.png in Resources */ = {isa = PBXBuildFile; fileRef = 471A38401E9EA23B00EEEF91 /* fwd.png */; };
		471A38431E9EA24300EEEF91 /* hide copy.js in Resources */ = {isa = PBXBuildFile; fileRef = 471A38421E9EA24300EEEF91 /* hide copy.js */; };
		471A38451E9EA24B00EEEF91 /* hide.js in Resources */ = {isa = PBXBuildFile; fileRef = 471A38441E9EA24B00EEEF91 /* hide.js */; };
		471A38471E9EA25700EEEF91 /* prev.png in Resources */ = {isa = PBXBuildFile; fileRef = 471A38461E9EA25700EEEF91 /* prev.png */; };
		471A384B1EA0271D00EEEF91 /* DynamicMenuSelectionTableViewController.swift in Sources */ = {isa = PBXBuildFile; fileRef = 471A384A1EA0271D00EEEF91 /* DynamicMenuSelectionTableViewController.swift */; };
		471A38521EA29B1C00EEEF91 /* BaseViewController.swift in Sources */ = {isa = PBXBuildFile; fileRef = 471A38501EA29B1C00EEEF91 /* BaseViewController.swift */; };
		471A38531EA29B1C00EEEF91 /* MenuViewController.swift in Sources */ = {isa = PBXBuildFile; fileRef = 471A38511EA29B1C00EEEF91 /* MenuViewController.swift */; };
		471A38551EA2C9ED00EEEF91 /* PlayVC.swift in Sources */ = {isa = PBXBuildFile; fileRef = 471A38541EA2C9ED00EEEF91 /* PlayVC.swift */; };
		471A38571EA2C9FF00EEEF91 /* HomeVC.swift in Sources */ = {isa = PBXBuildFile; fileRef = 471A38561EA2C9FF00EEEF91 /* HomeVC.swift */; };
		472E64351E4D093F00641681 /* DigitsKit.framework in Frameworks */ = {isa = PBXBuildFile; fileRef = 472E64321E4D093F00641681 /* DigitsKit.framework */; };
		472E64361E4D093F00641681 /* DigitsKitResources.bundle in Resources */ = {isa = PBXBuildFile; fileRef = 472E64331E4D093F00641681 /* DigitsKitResources.bundle */; };
		472E64371E4D093F00641681 /* TwitterCore.framework in Frameworks */ = {isa = PBXBuildFile; fileRef = 472E64341E4D093F00641681 /* TwitterCore.framework */; };
		4752F1CA1E5F65D500744D0C /* Info.plist in Resources */ = {isa = PBXBuildFile; fileRef = 4752F1C61E5F65D500744D0C /* Info.plist */; };
		4752F1CB1E5F65D500744D0C /* Siren.bundle in Resources */ = {isa = PBXBuildFile; fileRef = 4752F1C71E5F65D500744D0C /* Siren.bundle */; };
		4752F1CC1E5F65D500744D0C /* Siren.swift in Sources */ = {isa = PBXBuildFile; fileRef = 4752F1C91E5F65D500744D0C /* Siren.swift */; };
		4752F1CE1E5F7C5200744D0C /* Assets.xcassets in Resources */ = {isa = PBXBuildFile; fileRef = 4752F1CD1E5F7C5200744D0C /* Assets.xcassets */; };
		475ED2EF1E52578300D5BE71 /* NotificationCenter.framework in Frameworks */ = {isa = PBXBuildFile; fileRef = 475ED2EC1E52578300D5BE71 /* NotificationCenter.framework */; };
		475ED2F01E52578300D5BE71 /* UserNotifications.framework in Frameworks */ = {isa = PBXBuildFile; fileRef = 475ED2ED1E52578300D5BE71 /* UserNotifications.framework */; };
		475ED2F11E52578300D5BE71 /* UserNotificationsUI.framework in Frameworks */ = {isa = PBXBuildFile; fileRef = 475ED2EE1E52578300D5BE71 /* UserNotificationsUI.framework */; };
		475ED2F61E525A1800D5BE71 /* AdientSapStore.xcdatamodeld in Sources */ = {isa = PBXBuildFile; fileRef = 475ED2F41E525A1800D5BE71 /* AdientSapStore.xcdatamodeld */; };
		477D76A71E4CF1BB002B235C /* AdientBrandedViewController.swift in Sources */ = {isa = PBXBuildFile; fileRef = 477D76A01E4CF1BB002B235C /* AdientBrandedViewController.swift */; };
		477D76A81E4CF1BB002B235C /* AdientSeatBrandedCustomView.swift in Sources */ = {isa = PBXBuildFile; fileRef = 477D76A11E4CF1BB002B235C /* AdientSeatBrandedCustomView.swift */; };
		477D76A91E4CF1BB002B235C /* AdientSlantReversed.png in Resources */ = {isa = PBXBuildFile; fileRef = 477D76A21E4CF1BB002B235C /* AdientSlantReversed.png */; };
		477D76AA1E4CF1BB002B235C /* AdientSlantReversed@2x.png in Resources */ = {isa = PBXBuildFile; fileRef = 477D76A31E4CF1BB002B235C /* AdientSlantReversed@2x.png */; };
		477D76AB1E4CF1BB002B235C /* AisForAdientReversed.png in Resources */ = {isa = PBXBuildFile; fileRef = 477D76A41E4CF1BB002B235C /* AisForAdientReversed.png */; };
		477D76AC1E4CF1BB002B235C /* AisForAdientReversed@2x.png in Resources */ = {isa = PBXBuildFile; fileRef = 477D76A51E4CF1BB002B235C /* AisForAdientReversed@2x.png */; };
		477D76B41E4CF1CC002B235C /* chair-3-just-seat.png in Resources */ = {isa = PBXBuildFile; fileRef = 477D76AE1E4CF1CC002B235C /* chair-3-just-seat.png */; };
		477D76B51E4CF1CC002B235C /* chair-3-just-seat@2x.png in Resources */ = {isa = PBXBuildFile; fileRef = 477D76AF1E4CF1CC002B235C /* chair-3-just-seat@2x.png */; };
		477D76B61E4CF1CC002B235C /* chair-3.png in Resources */ = {isa = PBXBuildFile; fileRef = 477D76B01E4CF1CC002B235C /* chair-3.png */; };
		477D76B71E4CF1CC002B235C /* chair-3@2x.png in Resources */ = {isa = PBXBuildFile; fileRef = 477D76B11E4CF1CC002B235C /* chair-3@2x.png */; };
		477D76B81E4CF1CC002B235C /* crane_arm.png in Resources */ = {isa = PBXBuildFile; fileRef = 477D76B21E4CF1CC002B235C /* crane_arm.png */; };
		477D76B91E4CF1CC002B235C /* crane_arm@2x.png in Resources */ = {isa = PBXBuildFile; fileRef = 477D76B31E4CF1CC002B235C /* crane_arm@2x.png */; };
		477D76BD1E4CF1EA002B235C /* QCMethod.swift in Sources */ = {isa = PBXBuildFile; fileRef = 477D76BA1E4CF1EA002B235C /* QCMethod.swift */; };
		477D76BE1E4CF1EA002B235C /* seat-back.png in Resources */ = {isa = PBXBuildFile; fileRef = 477D76BB1E4CF1EA002B235C /* seat-back.png */; };
		477D76BF1E4CF1EA002B235C /* seat-back@2x.png in Resources */ = {isa = PBXBuildFile; fileRef = 477D76BC1E4CF1EA002B235C /* seat-back@2x.png */; };
		477D76C31E4CFAFE002B235C /* LoginViewController.swift in Sources */ = {isa = PBXBuildFile; fileRef = 477D76C21E4CFAFE002B235C /* LoginViewController.swift */; };
		477D76C71E4CFF8F002B235C /* Fabric.framework in Frameworks */ = {isa = PBXBuildFile; fileRef = 477D76C51E4CFF8F002B235C /* Fabric.framework */; };
		477D76C81E4CFF8F002B235C /* Crashlytics.framework in Frameworks */ = {isa = PBXBuildFile; fileRef = 477D76C61E4CFF8F002B235C /* Crashlytics.framework */; };
		47A374861E65CA3A00CBC254 /* ViewControllerExtendSessionCookie.swift in Sources */ = {isa = PBXBuildFile; fileRef = 47A374851E65CA3A00CBC254 /* ViewControllerExtendSessionCookie.swift */; };
		47C689C51E55F8750091728F /* AppDelegate.swift in Sources */ = {isa = PBXBuildFile; fileRef = 47C689BF1E55F8750091728F /* AppDelegate.swift */; };
		47C689C61E55F8750091728F /* CoreDataManager.swift in Sources */ = {isa = PBXBuildFile; fileRef = 47C689C01E55F8750091728F /* CoreDataManager.swift */; };
		47C689C91E55F8750091728F /* ViewController.swift in Sources */ = {isa = PBXBuildFile; fileRef = 47C689C41E55F8750091728F /* ViewController.swift */; };
		47C689CF1E55FC7C0091728F /* LaunchScreen.storyboard in Resources */ = {isa = PBXBuildFile; fileRef = 47C689CB1E55FC7C0091728F /* LaunchScreen.storyboard */; };
		47C689D01E55FC7C0091728F /* Main.storyboard in Resources */ = {isa = PBXBuildFile; fileRef = 47C689CD1E55FC7C0091728F /* Main.storyboard */; };
		47FB97821EA7FD97006B60D3 /* OperationsDashboardIcon.png in Resources */ = {isa = PBXBuildFile; fileRef = 47FB97811EA7FD97006B60D3 /* OperationsDashboardIcon.png */; };
/* End PBXBuildFile section */

/* Begin PBXFileReference section */
		471A383A1E9EA1F400EEEF91 /* WkWebViewController.storyboard */ = {isa = PBXFileReference; fileEncoding = 4; lastKnownFileType = file.storyboard; path = WkWebViewController.storyboard; sourceTree = "<group>"; };
		471A383C1E9EA22500EEEF91 /* ClickMeEventRegister.js */ = {isa = PBXFileReference; fileEncoding = 4; lastKnownFileType = sourcecode.javascript; path = ClickMeEventRegister.js; sourceTree = "<group>"; };
		471A383E1E9EA22F00EEEF91 /* fetch.js */ = {isa = PBXFileReference; fileEncoding = 4; lastKnownFileType = sourcecode.javascript; path = fetch.js; sourceTree = "<group>"; };
		471A38401E9EA23B00EEEF91 /* fwd.png */ = {isa = PBXFileReference; lastKnownFileType = image.png; path = fwd.png; sourceTree = "<group>"; };
		471A38421E9EA24300EEEF91 /* hide copy.js */ = {isa = PBXFileReference; fileEncoding = 4; lastKnownFileType = sourcecode.javascript; path = "hide copy.js"; sourceTree = "<group>"; };
		471A38441E9EA24B00EEEF91 /* hide.js */ = {isa = PBXFileReference; fileEncoding = 4; lastKnownFileType = sourcecode.javascript; path = hide.js; sourceTree = "<group>"; };
		471A38461E9EA25700EEEF91 /* prev.png */ = {isa = PBXFileReference; lastKnownFileType = image.png; path = prev.png; sourceTree = "<group>"; };
		471A384A1EA0271D00EEEF91 /* DynamicMenuSelectionTableViewController.swift */ = {isa = PBXFileReference; fileEncoding = 4; lastKnownFileType = sourcecode.swift; path = DynamicMenuSelectionTableViewController.swift; sourceTree = "<group>"; };
		471A38501EA29B1C00EEEF91 /* BaseViewController.swift */ = {isa = PBXFileReference; fileEncoding = 4; lastKnownFileType = sourcecode.swift; name = BaseViewController.swift; path = SAPcontainer/BaseViewController.swift; sourceTree = "<group>"; };
		471A38511EA29B1C00EEEF91 /* MenuViewController.swift */ = {isa = PBXFileReference; fileEncoding = 4; lastKnownFileType = sourcecode.swift; name = MenuViewController.swift; path = SAPcontainer/MenuViewController.swift; sourceTree = "<group>"; };
		471A38541EA2C9ED00EEEF91 /* PlayVC.swift */ = {isa = PBXFileReference; fileEncoding = 4; lastKnownFileType = sourcecode.swift; path = PlayVC.swift; sourceTree = "<group>"; };
		471A38561EA2C9FF00EEEF91 /* HomeVC.swift */ = {isa = PBXFileReference; fileEncoding = 4; lastKnownFileType = sourcecode.swift; path = HomeVC.swift; sourceTree = "<group>"; };
		472E64321E4D093F00641681 /* DigitsKit.framework */ = {isa = PBXFileReference; lastKnownFileType = wrapper.framework; path = DigitsKit.framework; sourceTree = "<group>"; };
		472E64331E4D093F00641681 /* DigitsKitResources.bundle */ = {isa = PBXFileReference; lastKnownFileType = "wrapper.plug-in"; name = DigitsKitResources.bundle; path = DigitsKit.framework/Versions/A/Resources/DigitsKitResources.bundle; sourceTree = "<group>"; };
		472E64341E4D093F00641681 /* TwitterCore.framework */ = {isa = PBXFileReference; lastKnownFileType = wrapper.framework; path = TwitterCore.framework; sourceTree = "<group>"; };
		4752F1C61E5F65D500744D0C /* Info.plist */ = {isa = PBXFileReference; fileEncoding = 4; lastKnownFileType = text.plist.xml; path = Info.plist; sourceTree = "<group>"; };
		4752F1C71E5F65D500744D0C /* Siren.bundle */ = {isa = PBXFileReference; lastKnownFileType = "wrapper.plug-in"; path = Siren.bundle; sourceTree = "<group>"; };
		4752F1C81E5F65D500744D0C /* Siren.h */ = {isa = PBXFileReference; fileEncoding = 4; lastKnownFileType = sourcecode.c.h; path = Siren.h; sourceTree = "<group>"; };
		4752F1C91E5F65D500744D0C /* Siren.swift */ = {isa = PBXFileReference; fileEncoding = 4; lastKnownFileType = sourcecode.swift; path = Siren.swift; sourceTree = "<group>"; };
		4752F1CD1E5F7C5200744D0C /* Assets.xcassets */ = {isa = PBXFileReference; lastKnownFileType = folder.assetcatalog; name = Assets.xcassets; path = SAPcontainer/Assets.xcassets; sourceTree = "<group>"; };
		475ED2EC1E52578300D5BE71 /* NotificationCenter.framework */ = {isa = PBXFileReference; lastKnownFileType = wrapper.framework; name = NotificationCenter.framework; path = System/Library/Frameworks/NotificationCenter.framework; sourceTree = SDKROOT; };
		475ED2ED1E52578300D5BE71 /* UserNotifications.framework */ = {isa = PBXFileReference; lastKnownFileType = wrapper.framework; name = UserNotifications.framework; path = System/Library/Frameworks/UserNotifications.framework; sourceTree = SDKROOT; };
		475ED2EE1E52578300D5BE71 /* UserNotificationsUI.framework */ = {isa = PBXFileReference; lastKnownFileType = wrapper.framework; name = UserNotificationsUI.framework; path = System/Library/Frameworks/UserNotificationsUI.framework; sourceTree = SDKROOT; };
		475ED2F51E525A1800D5BE71 /* AdientSapStore.xcdatamodel */ = {isa = PBXFileReference; lastKnownFileType = wrapper.xcdatamodel; path = AdientSapStore.xcdatamodel; sourceTree = "<group>"; };
		477D76A01E4CF1BB002B235C /* AdientBrandedViewController.swift */ = {isa = PBXFileReference; fileEncoding = 4; lastKnownFileType = sourcecode.swift; path = AdientBrandedViewController.swift; sourceTree = "<group>"; };
		477D76A11E4CF1BB002B235C /* AdientSeatBrandedCustomView.swift */ = {isa = PBXFileReference; fileEncoding = 4; lastKnownFileType = sourcecode.swift; path = AdientSeatBrandedCustomView.swift; sourceTree = "<group>"; };
		477D76A21E4CF1BB002B235C /* AdientSlantReversed.png */ = {isa = PBXFileReference; lastKnownFileType = image.png; path = AdientSlantReversed.png; sourceTree = "<group>"; };
		477D76A31E4CF1BB002B235C /* AdientSlantReversed@2x.png */ = {isa = PBXFileReference; lastKnownFileType = image.png; path = "AdientSlantReversed@2x.png"; sourceTree = "<group>"; };
		477D76A41E4CF1BB002B235C /* AisForAdientReversed.png */ = {isa = PBXFileReference; lastKnownFileType = image.png; path = AisForAdientReversed.png; sourceTree = "<group>"; };
		477D76A51E4CF1BB002B235C /* AisForAdientReversed@2x.png */ = {isa = PBXFileReference; lastKnownFileType = image.png; path = "AisForAdientReversed@2x.png"; sourceTree = "<group>"; };
		477D76AE1E4CF1CC002B235C /* chair-3-just-seat.png */ = {isa = PBXFileReference; lastKnownFileType = image.png; path = "chair-3-just-seat.png"; sourceTree = "<group>"; };
		477D76AF1E4CF1CC002B235C /* chair-3-just-seat@2x.png */ = {isa = PBXFileReference; lastKnownFileType = image.png; path = "chair-3-just-seat@2x.png"; sourceTree = "<group>"; };
		477D76B01E4CF1CC002B235C /* chair-3.png */ = {isa = PBXFileReference; lastKnownFileType = image.png; path = "chair-3.png"; sourceTree = "<group>"; };
		477D76B11E4CF1CC002B235C /* chair-3@2x.png */ = {isa = PBXFileReference; lastKnownFileType = image.png; path = "chair-3@2x.png"; sourceTree = "<group>"; };
		477D76B21E4CF1CC002B235C /* crane_arm.png */ = {isa = PBXFileReference; lastKnownFileType = image.png; path = crane_arm.png; sourceTree = "<group>"; };
		477D76B31E4CF1CC002B235C /* crane_arm@2x.png */ = {isa = PBXFileReference; lastKnownFileType = image.png; path = "crane_arm@2x.png"; sourceTree = "<group>"; };
		477D76BA1E4CF1EA002B235C /* QCMethod.swift */ = {isa = PBXFileReference; fileEncoding = 4; lastKnownFileType = sourcecode.swift; path = QCMethod.swift; sourceTree = "<group>"; };
		477D76BB1E4CF1EA002B235C /* seat-back.png */ = {isa = PBXFileReference; lastKnownFileType = image.png; path = "seat-back.png"; sourceTree = "<group>"; };
		477D76BC1E4CF1EA002B235C /* seat-back@2x.png */ = {isa = PBXFileReference; lastKnownFileType = image.png; path = "seat-back@2x.png"; sourceTree = "<group>"; };
		477D76C21E4CFAFE002B235C /* LoginViewController.swift */ = {isa = PBXFileReference; fileEncoding = 4; lastKnownFileType = sourcecode.swift; path = LoginViewController.swift; sourceTree = "<group>"; };
		477D76C51E4CFF8F002B235C /* Fabric.framework */ = {isa = PBXFileReference; lastKnownFileType = wrapper.framework; path = Fabric.framework; sourceTree = "<group>"; };
		477D76C61E4CFF8F002B235C /* Crashlytics.framework */ = {isa = PBXFileReference; lastKnownFileType = wrapper.framework; path = Crashlytics.framework; sourceTree = "<group>"; };
		47A374851E65CA3A00CBC254 /* ViewControllerExtendSessionCookie.swift */ = {isa = PBXFileReference; fileEncoding = 4; lastKnownFileType = sourcecode.swift; path = ViewControllerExtendSessionCookie.swift; sourceTree = "<group>"; };
		47C689BF1E55F8750091728F /* AppDelegate.swift */ = {isa = PBXFileReference; fileEncoding = 4; lastKnownFileType = sourcecode.swift; name = AppDelegate.swift; path = SAPcontainer/AppDelegate.swift; sourceTree = "<group>"; };
		47C689C01E55F8750091728F /* CoreDataManager.swift */ = {isa = PBXFileReference; fileEncoding = 4; lastKnownFileType = sourcecode.swift; name = CoreDataManager.swift; path = SAPcontainer/CoreDataManager.swift; sourceTree = "<group>"; };
		47C689C11E55F8750091728F /* Info.plist */ = {isa = PBXFileReference; fileEncoding = 4; lastKnownFileType = text.plist.xml; name = Info.plist; path = SAPcontainer/Info.plist; sourceTree = "<group>"; };
		47C689C21E55F8750091728F /* SAPcontainer.entitlements */ = {isa = PBXFileReference; fileEncoding = 4; lastKnownFileType = text.plist.entitlements; name = SAPcontainer.entitlements; path = SAPcontainer/SAPcontainer.entitlements; sourceTree = "<group>"; };
		47C689C41E55F8750091728F /* ViewController.swift */ = {isa = PBXFileReference; fileEncoding = 4; lastKnownFileType = sourcecode.swift; name = ViewController.swift; path = SAPcontainer/ViewController.swift; sourceTree = "<group>"; };
		47C689CC1E55FC7C0091728F /* Base */ = {isa = PBXFileReference; lastKnownFileType = file.storyboard; name = Base; path = LaunchScreen.storyboard; sourceTree = "<group>"; };
		47C689CE1E55FC7C0091728F /* Base */ = {isa = PBXFileReference; lastKnownFileType = file.storyboard; name = Base; path = Main.storyboard; sourceTree = "<group>"; };
		47FB97811EA7FD97006B60D3 /* OperationsDashboardIcon.png */ = {isa = PBXFileReference; lastKnownFileType = image.png; path = OperationsDashboardIcon.png; sourceTree = "<group>"; };
		514C9FF91D5F90D5005D70E0 /* SAPcontainer.app */ = {isa = PBXFileReference; explicitFileType = wrapper.application; includeInIndex = 0; path = SAPcontainer.app; sourceTree = BUILT_PRODUCTS_DIR; };
/* End PBXFileReference section */

/* Begin PBXFrameworksBuildPhase section */
		514C9FF61D5F90D5005D70E0 /* Frameworks */ = {
			isa = PBXFrameworksBuildPhase;
			buildActionMask = 2147483647;
			files = (
				475ED2EF1E52578300D5BE71 /* NotificationCenter.framework in Frameworks */,
				475ED2F01E52578300D5BE71 /* UserNotifications.framework in Frameworks */,
				475ED2F11E52578300D5BE71 /* UserNotificationsUI.framework in Frameworks */,
				472E64351E4D093F00641681 /* DigitsKit.framework in Frameworks */,
				472E64371E4D093F00641681 /* TwitterCore.framework in Frameworks */,
				477D76C81E4CFF8F002B235C /* Crashlytics.framework in Frameworks */,
				477D76C71E4CFF8F002B235C /* Fabric.framework in Frameworks */,
			);
			runOnlyForDeploymentPostprocessing = 0;
		};
/* End PBXFrameworksBuildPhase section */

/* Begin PBXGroup section */
		4752F1C51E5F65D500744D0C /* Siren */ = {
			isa = PBXGroup;
			children = (
				4752F1C61E5F65D500744D0C /* Info.plist */,
				4752F1C71E5F65D500744D0C /* Siren.bundle */,
				4752F1C81E5F65D500744D0C /* Siren.h */,
				4752F1C91E5F65D500744D0C /* Siren.swift */,
			);
			path = Siren;
			sourceTree = "<group>";
		};
		475ED2EB1E52578200D5BE71 /* Frameworks */ = {
			isa = PBXGroup;
			children = (
				475ED2EC1E52578300D5BE71 /* NotificationCenter.framework */,
				475ED2ED1E52578300D5BE71 /* UserNotifications.framework */,
				475ED2EE1E52578300D5BE71 /* UserNotificationsUI.framework */,
			);
			name = Frameworks;
			sourceTree = "<group>";
		};
		477D769F1E4CF1A1002B235C /* Branding */ = {
			isa = PBXGroup;
			children = (
				477D76A01E4CF1BB002B235C /* AdientBrandedViewController.swift */,
				477D76A11E4CF1BB002B235C /* AdientSeatBrandedCustomView.swift */,
				477D76A21E4CF1BB002B235C /* AdientSlantReversed.png */,
				477D76A31E4CF1BB002B235C /* AdientSlantReversed@2x.png */,
				477D76A41E4CF1BB002B235C /* AisForAdientReversed.png */,
				477D76A51E4CF1BB002B235C /* AisForAdientReversed@2x.png */,
				477D76AE1E4CF1CC002B235C /* chair-3-just-seat.png */,
				477D76AF1E4CF1CC002B235C /* chair-3-just-seat@2x.png */,
				477D76B01E4CF1CC002B235C /* chair-3.png */,
				477D76B11E4CF1CC002B235C /* chair-3@2x.png */,
				477D76B21E4CF1CC002B235C /* crane_arm.png */,
				477D76B31E4CF1CC002B235C /* crane_arm@2x.png */,
				477D76BA1E4CF1EA002B235C /* QCMethod.swift */,
				477D76BB1E4CF1EA002B235C /* seat-back.png */,
				477D76BC1E4CF1EA002B235C /* seat-back@2x.png */,
			);
			name = Branding;
			sourceTree = "<group>";
		};
		477D76C11E4CFAB1002B235C /* MultiFactor */ = {
			isa = PBXGroup;
			children = (
				477D76C21E4CFAFE002B235C /* LoginViewController.swift */,
			);
			name = MultiFactor;
			sourceTree = "<group>";
		};
		47C689BE1E55F8450091728F /* SAPcontainer */ = {
			isa = PBXGroup;
			children = (
				47C689CA1E55FC7C0091728F /* Base.lproj */,
				471A384A1EA0271D00EEEF91 /* DynamicMenuSelectionTableViewController.swift */,
				4752F1C51E5F65D500744D0C /* Siren */,
				47C689BF1E55F8750091728F /* AppDelegate.swift */,
				47C689C41E55F8750091728F /* ViewController.swift */,
				471A38501EA29B1C00EEEF91 /* BaseViewController.swift */,
				471A38511EA29B1C00EEEF91 /* MenuViewController.swift */,
				47FB97811EA7FD97006B60D3 /* OperationsDashboardIcon.png */,
				471A38541EA2C9ED00EEEF91 /* PlayVC.swift */,
				471A38561EA2C9FF00EEEF91 /* HomeVC.swift */,
				471A38401E9EA23B00EEEF91 /* fwd.png */,
				471A383C1E9EA22500EEEF91 /* ClickMeEventRegister.js */,
				471A383E1E9EA22F00EEEF91 /* fetch.js */,
				471A383A1E9EA1F400EEEF91 /* WkWebViewController.storyboard */,
				471A38441E9EA24B00EEEF91 /* hide.js */,
				471A38421E9EA24300EEEF91 /* hide copy.js */,
				471A38461E9EA25700EEEF91 /* prev.png */,
				47A374851E65CA3A00CBC254 /* ViewControllerExtendSessionCookie.swift */,
				47C689C01E55F8750091728F /* CoreDataManager.swift */,
				47C689C11E55F8750091728F /* Info.plist */,
				47C689C21E55F8750091728F /* SAPcontainer.entitlements */,
			);
			name = SAPcontainer;
			sourceTree = "<group>";
		};
		47C689CA1E55FC7C0091728F /* Base.lproj */ = {
			isa = PBXGroup;
			children = (
				47C689CB1E55FC7C0091728F /* LaunchScreen.storyboard */,
				47C689CD1E55FC7C0091728F /* Main.storyboard */,
			);
			name = Base.lproj;
			path = SAPcontainer/Base.lproj;
			sourceTree = "<group>";
		};
		514C9FF01D5F90D5005D70E0 = {
			isa = PBXGroup;
			children = (
				47C689BE1E55F8450091728F /* SAPcontainer */,
				475ED2F41E525A1800D5BE71 /* AdientSapStore.xcdatamodeld */,
				472E64321E4D093F00641681 /* DigitsKit.framework */,
				472E64331E4D093F00641681 /* DigitsKitResources.bundle */,
				472E64341E4D093F00641681 /* TwitterCore.framework */,
				477D76C51E4CFF8F002B235C /* Fabric.framework */,
				477D76C61E4CFF8F002B235C /* Crashlytics.framework */,
				4752F1CD1E5F7C5200744D0C /* Assets.xcassets */,
				477D76C11E4CFAB1002B235C /* MultiFactor */,
				477D769F1E4CF1A1002B235C /* Branding */,
				514C9FFA1D5F90D5005D70E0 /* Products */,
				475ED2EB1E52578200D5BE71 /* Frameworks */,
			);
			sourceTree = "<group>";
		};
		514C9FFA1D5F90D5005D70E0 /* Products */ = {
			isa = PBXGroup;
			children = (
				514C9FF91D5F90D5005D70E0 /* SAPcontainer.app */,
			);
			name = Products;
			sourceTree = "<group>";
		};
/* End PBXGroup section */

/* Begin PBXNativeTarget section */
		514C9FF81D5F90D5005D70E0 /* SAPcontainer */ = {
			isa = PBXNativeTarget;
			buildConfigurationList = 514CA00B1D5F90D5005D70E0 /* Build configuration list for PBXNativeTarget "SAPcontainer" */;
			buildPhases = (
				514C9FF51D5F90D5005D70E0 /* Sources */,
				514C9FF61D5F90D5005D70E0 /* Frameworks */,
				514C9FF71D5F90D5005D70E0 /* Resources */,
				477D76C41E4CFEDB002B235C /* ShellScript */,
				4752F1C01E5F2ED100744D0C /* ShellScript */,
			);
			buildRules = (
			);
			dependencies = (
			);
			name = SAPcontainer;
			productName = Project4;
			productReference = 514C9FF91D5F90D5005D70E0 /* SAPcontainer.app */;
			productType = "com.apple.product-type.application";
		};
/* End PBXNativeTarget section */

/* Begin PBXProject section */
		514C9FF11D5F90D5005D70E0 /* Project object */ = {
			isa = PBXProject;
			attributes = {
				LastSwiftUpdateCheck = 0800;
				LastUpgradeCheck = 0820;
				ORGANIZATIONNAME = "Paul Hudson";
				TargetAttributes = {
					514C9FF81D5F90D5005D70E0 = {
						CreatedOnToolsVersion = 8.0;
						DevelopmentTeam = 776YQQ7A2B;
						LastSwiftMigration = 0830;
						ProvisioningStyle = Manual;
						SystemCapabilities = {
							com.apple.DataProtection = {
								enabled = 1;
							};
							com.apple.Keychain = {
								enabled = 1;
							};
							com.apple.Push = {
								enabled = 1;
							};
							com.apple.Siri = {
								enabled = 1;
							};
						};
					};
				};
			};
			buildConfigurationList = 514C9FF41D5F90D5005D70E0 /* Build configuration list for PBXProject "SAPcontainer" */;
			compatibilityVersion = "Xcode 3.2";
			developmentRegion = English;
			hasScannedForEncodings = 0;
			knownRegions = (
				en,
				Base,
			);
			mainGroup = 514C9FF01D5F90D5005D70E0;
			productRefGroup = 514C9FFA1D5F90D5005D70E0 /* Products */;
			projectDirPath = "";
			projectRoot = "";
			targets = (
				514C9FF81D5F90D5005D70E0 /* SAPcontainer */,
			);
		};
/* End PBXProject section */

/* Begin PBXResourcesBuildPhase section */
		514C9FF71D5F90D5005D70E0 /* Resources */ = {
			isa = PBXResourcesBuildPhase;
			buildActionMask = 2147483647;
			files = (
				4752F1CA1E5F65D500744D0C /* Info.plist in Resources */,
				477D76AA1E4CF1BB002B235C /* AdientSlantReversed@2x.png in Resources */,
				477D76B51E4CF1CC002B235C /* chair-3-just-seat@2x.png in Resources */,
				477D76AC1E4CF1BB002B235C /* AisForAdientReversed@2x.png in Resources */,
				47C689CF1E55FC7C0091728F /* LaunchScreen.storyboard in Resources */,
				471A383F1E9EA22F00EEEF91 /* fetch.js in Resources */,
				471A383D1E9EA22500EEEF91 /* ClickMeEventRegister.js in Resources */,
				477D76B41E4CF1CC002B235C /* chair-3-just-seat.png in Resources */,
				477D76AB1E4CF1BB002B235C /* AisForAdientReversed.png in Resources */,
				477D76BE1E4CF1EA002B235C /* seat-back.png in Resources */,
				477D76B71E4CF1CC002B235C /* chair-3@2x.png in Resources */,
				471A38471E9EA25700EEEF91 /* prev.png in Resources */,
				477D76BF1E4CF1EA002B235C /* seat-back@2x.png in Resources */,
				471A38451E9EA24B00EEEF91 /* hide.js in Resources */,
				477D76B61E4CF1CC002B235C /* chair-3.png in Resources */,
				471A38431E9EA24300EEEF91 /* hide copy.js in Resources */,
				471A383B1E9EA1F400EEEF91 /* WkWebViewController.storyboard in Resources */,
				47C689D01E55FC7C0091728F /* Main.storyboard in Resources */,
				477D76B91E4CF1CC002B235C /* crane_arm@2x.png in Resources */,
				477D76B81E4CF1CC002B235C /* crane_arm.png in Resources */,
				4752F1CB1E5F65D500744D0C /* Siren.bundle in Resources */,
				477D76A91E4CF1BB002B235C /* AdientSlantReversed.png in Resources */,
				4752F1CE1E5F7C5200744D0C /* Assets.xcassets in Resources */,
				47FB97821EA7FD97006B60D3 /* OperationsDashboardIcon.png in Resources */,
				472E64361E4D093F00641681 /* DigitsKitResources.bundle in Resources */,
				471A38411E9EA23B00EEEF91 /* fwd.png in Resources */,
			);
			runOnlyForDeploymentPostprocessing = 0;
		};
/* End PBXResourcesBuildPhase section */

/* Begin PBXShellScriptBuildPhase section */
		4752F1C01E5F2ED100744D0C /* ShellScript */ = {
			isa = PBXShellScriptBuildPhase;
			buildActionMask = 2147483647;
			files = (
			);
			inputPaths = (
				"$(SRCROOT)/SAPcontainer/Carthage/Build/iOS/Alamofire.framework",
				"$(SRCROOT)/SAPcontainer/Carthage/Build/iOS/SwiftyJSON.framework",
			);
			outputPaths = (
			);
			runOnlyForDeploymentPostprocessing = 0;
			shellPath = /bin/sh;
			shellScript = "";
		};
		477D76C41E4CFEDB002B235C /* ShellScript */ = {
			isa = PBXShellScriptBuildPhase;
			buildActionMask = 2147483647;
			files = (
			);
			inputPaths = (
			);
			outputPaths = (
			);
			runOnlyForDeploymentPostprocessing = 0;
			shellPath = /bin/sh;
			shellScript = "./Fabric.framework/run 577349ae8f71d96b38f9cbf4ed607ff4ef80b355 64b91b33b4e39cea6c24447ee46e9ba753e805d7a258cf3e4ba3f15c39ebbcff";
		};
/* End PBXShellScriptBuildPhase section */

/* Begin PBXSourcesBuildPhase section */
		514C9FF51D5F90D5005D70E0 /* Sources */ = {
			isa = PBXSourcesBuildPhase;
			buildActionMask = 2147483647;
			files = (
				47C689C91E55F8750091728F /* ViewController.swift in Sources */,
				47A374861E65CA3A00CBC254 /* ViewControllerExtendSessionCookie.swift in Sources */,
				477D76C31E4CFAFE002B235C /* LoginViewController.swift in Sources */,
				477D76A81E4CF1BB002B235C /* AdientSeatBrandedCustomView.swift in Sources */,
				471A38551EA2C9ED00EEEF91 /* PlayVC.swift in Sources */,
				477D76BD1E4CF1EA002B235C /* QCMethod.swift in Sources */,
				471A38571EA2C9FF00EEEF91 /* HomeVC.swift in Sources */,
				471A38521EA29B1C00EEEF91 /* BaseViewController.swift in Sources */,
				475ED2F61E525A1800D5BE71 /* AdientSapStore.xcdatamodeld in Sources */,
				471A38531EA29B1C00EEEF91 /* MenuViewController.swift in Sources */,
				47C689C51E55F8750091728F /* AppDelegate.swift in Sources */,
				477D76A71E4CF1BB002B235C /* AdientBrandedViewController.swift in Sources */,
				4752F1CC1E5F65D500744D0C /* Siren.swift in Sources */,
				47C689C61E55F8750091728F /* CoreDataManager.swift in Sources */,
				471A384B1EA0271D00EEEF91 /* DynamicMenuSelectionTableViewController.swift in Sources */,
			);
			runOnlyForDeploymentPostprocessing = 0;
		};
/* End PBXSourcesBuildPhase section */

/* Begin PBXVariantGroup section */
		47C689CB1E55FC7C0091728F /* LaunchScreen.storyboard */ = {
			isa = PBXVariantGroup;
			children = (
				47C689CC1E55FC7C0091728F /* Base */,
			);
			name = LaunchScreen.storyboard;
			sourceTree = "<group>";
		};
		47C689CD1E55FC7C0091728F /* Main.storyboard */ = {
			isa = PBXVariantGroup;
			children = (
				47C689CE1E55FC7C0091728F /* Base */,
			);
			name = Main.storyboard;
			sourceTree = "<group>";
		};
/* End PBXVariantGroup section */

/* Begin XCBuildConfiguration section */
		514CA0091D5F90D5005D70E0 /* Debug */ = {
			isa = XCBuildConfiguration;
			buildSettings = {
				ALWAYS_SEARCH_USER_PATHS = NO;
				CLANG_ANALYZER_NONNULL = YES;
				CLANG_CXX_LANGUAGE_STANDARD = "gnu++0x";
				CLANG_CXX_LIBRARY = "libc++";
				CLANG_ENABLE_MODULES = YES;
				CLANG_ENABLE_OBJC_ARC = YES;
				CLANG_WARN_BOOL_CONVERSION = YES;
				CLANG_WARN_CONSTANT_CONVERSION = YES;
				CLANG_WARN_DIRECT_OBJC_ISA_USAGE = YES_ERROR;
				CLANG_WARN_DOCUMENTATION_COMMENTS = YES;
				CLANG_WARN_EMPTY_BODY = YES;
				CLANG_WARN_ENUM_CONVERSION = YES;
				CLANG_WARN_INFINITE_RECURSION = YES;
				CLANG_WARN_INT_CONVERSION = YES;
				CLANG_WARN_OBJC_ROOT_CLASS = YES_ERROR;
				CLANG_WARN_SUSPICIOUS_MOVE = YES;
				CLANG_WARN_SUSPICIOUS_MOVES = YES;
				CLANG_WARN_UNREACHABLE_CODE = YES;
				CLANG_WARN__DUPLICATE_METHOD_MATCH = YES;
				"CODE_SIGN_IDENTITY[sdk=iphoneos*]" = "iPhone Developer";
				COPY_PHASE_STRIP = NO;
				DEBUG_INFORMATION_FORMAT = dwarf;
				ENABLE_STRICT_OBJC_MSGSEND = YES;
				ENABLE_TESTABILITY = YES;
				GCC_C_LANGUAGE_STANDARD = gnu99;
				GCC_DYNAMIC_NO_PIC = NO;
				GCC_NO_COMMON_BLOCKS = YES;
				GCC_OPTIMIZATION_LEVEL = 0;
				GCC_PREPROCESSOR_DEFINITIONS = (
					"DEBUG=1",
					"$(inherited)",
				);
				GCC_WARN_64_TO_32_BIT_CONVERSION = YES;
				GCC_WARN_ABOUT_RETURN_TYPE = YES_ERROR;
				GCC_WARN_UNDECLARED_SELECTOR = YES;
				GCC_WARN_UNINITIALIZED_AUTOS = YES_AGGRESSIVE;
				GCC_WARN_UNUSED_FUNCTION = YES;
				GCC_WARN_UNUSED_VARIABLE = YES;
				IPHONEOS_DEPLOYMENT_TARGET = 10.0;
				MTL_ENABLE_DEBUG_INFO = YES;
				ONLY_ACTIVE_ARCH = YES;
				SDKROOT = iphoneos;
				SWIFT_ACTIVE_COMPILATION_CONDITIONS = DEBUG;
				SWIFT_OPTIMIZATION_LEVEL = "-Onone";
			};
			name = Debug;
		};
		514CA00A1D5F90D5005D70E0 /* Release */ = {
			isa = XCBuildConfiguration;
			buildSettings = {
				ALWAYS_SEARCH_USER_PATHS = NO;
				CLANG_ANALYZER_NONNULL = YES;
				CLANG_CXX_LANGUAGE_STANDARD = "gnu++0x";
				CLANG_CXX_LIBRARY = "libc++";
				CLANG_ENABLE_MODULES = YES;
				CLANG_ENABLE_OBJC_ARC = YES;
				CLANG_WARN_BOOL_CONVERSION = YES;
				CLANG_WARN_CONSTANT_CONVERSION = YES;
				CLANG_WARN_DIRECT_OBJC_ISA_USAGE = YES_ERROR;
				CLANG_WARN_DOCUMENTATION_COMMENTS = YES;
				CLANG_WARN_EMPTY_BODY = YES;
				CLANG_WARN_ENUM_CONVERSION = YES;
				CLANG_WARN_INFINITE_RECURSION = YES;
				CLANG_WARN_INT_CONVERSION = YES;
				CLANG_WARN_OBJC_ROOT_CLASS = YES_ERROR;
				CLANG_WARN_SUSPICIOUS_MOVE = YES;
				CLANG_WARN_SUSPICIOUS_MOVES = YES;
				CLANG_WARN_UNREACHABLE_CODE = YES;
				CLANG_WARN__DUPLICATE_METHOD_MATCH = YES;
				"CODE_SIGN_IDENTITY[sdk=iphoneos*]" = "iPhone Developer";
				COPY_PHASE_STRIP = NO;
				DEBUG_INFORMATION_FORMAT = "dwarf-with-dsym";
				ENABLE_NS_ASSERTIONS = NO;
				ENABLE_STRICT_OBJC_MSGSEND = YES;
				GCC_C_LANGUAGE_STANDARD = gnu99;
				GCC_NO_COMMON_BLOCKS = YES;
				GCC_WARN_64_TO_32_BIT_CONVERSION = YES;
				GCC_WARN_ABOUT_RETURN_TYPE = YES_ERROR;
				GCC_WARN_UNDECLARED_SELECTOR = YES;
				GCC_WARN_UNINITIALIZED_AUTOS = YES_AGGRESSIVE;
				GCC_WARN_UNUSED_FUNCTION = YES;
				GCC_WARN_UNUSED_VARIABLE = YES;
				IPHONEOS_DEPLOYMENT_TARGET = 10.0;
				MTL_ENABLE_DEBUG_INFO = NO;
				SDKROOT = iphoneos;
				SWIFT_OPTIMIZATION_LEVEL = "-Owholemodule";
				VALIDATE_PRODUCT = YES;
			};
			name = Release;
		};
		514CA00C1D5F90D5005D70E0 /* Debug */ = {
			isa = XCBuildConfiguration;
			buildSettings = {
				ASSETCATALOG_COMPILER_APPICON_NAME = AppIcon;
				CODE_SIGN_ENTITLEMENTS = SAPcontainer/SAPcontainer.entitlements;
				"CODE_SIGN_IDENTITY[sdk=iphoneos*]" = "iPhone Distribution";
				DEVELOPMENT_TEAM = 776YQQ7A2B;
				FRAMEWORK_SEARCH_PATHS = (
					"$(inherited)",
					"$(PROJECT_DIR)",
					"$(PROJECT_DIR)/SAPcontainer/Carthage/Build/iOS",
				);
				INFOPLIST_FILE = "$(SRCROOT)/SAPcontainer/Info.plist";
				IPHONEOS_DEPLOYMENT_TARGET = 10.2;
				LD_RUNPATH_SEARCH_PATHS = "$(inherited) @executable_path/Frameworks";
				PRODUCT_BUNDLE_IDENTIFIER = com.adient.mobility.sap;
				PRODUCT_NAME = "$(TARGET_NAME)";
				PROVISIONING_PROFILE = "bca2095d-3956-4538-b704-33fb3cf0b6bc";
				PROVISIONING_PROFILE_SPECIFIER = AdientMobileProfile.sap.SupplierChargeback;
				SWIFT_VERSION = 3.0;
				TARGETED_DEVICE_FAMILY = "1,2";
			};
			name = Debug;
		};
		514CA00D1D5F90D5005D70E0 /* Release */ = {
			isa = XCBuildConfiguration;
			buildSettings = {
				ASSETCATALOG_COMPILER_APPICON_NAME = AppIcon;
				CODE_SIGN_ENTITLEMENTS = SAPcontainer/SAPcontainer.entitlements;
				"CODE_SIGN_IDENTITY[sdk=iphoneos*]" = "iPhone Distribution";
				DEVELOPMENT_TEAM = 776YQQ7A2B;
				FRAMEWORK_SEARCH_PATHS = (
					"$(inherited)",
					"$(PROJECT_DIR)",
					"$(PROJECT_DIR)/SAPcontainer/Carthage/Build/iOS",
				);
				INFOPLIST_FILE = "$(SRCROOT)/SAPcontainer/Info.plist";
				IPHONEOS_DEPLOYMENT_TARGET = 10.2;
				LD_RUNPATH_SEARCH_PATHS = "$(inherited) @executable_path/Frameworks";
				PRODUCT_BUNDLE_IDENTIFIER = com.adient.mobility.sap;
				PRODUCT_NAME = "$(TARGET_NAME)";
				PROVISIONING_PROFILE = "bca2095d-3956-4538-b704-33fb3cf0b6bc";
				PROVISIONING_PROFILE_SPECIFIER = AdientMobileProfile.sap.SupplierChargeback;
				SWIFT_VERSION = 3.0;
				TARGETED_DEVICE_FAMILY = "1,2";
			};
			name = Release;
		};
/* End XCBuildConfiguration section */

/* Begin XCConfigurationList section */
		514C9FF41D5F90D5005D70E0 /* Build configuration list for PBXProject "SAPcontainer" */ = {
			isa = XCConfigurationList;
			buildConfigurations = (
				514CA0091D5F90D5005D70E0 /* Debug */,
				514CA00A1D5F90D5005D70E0 /* Release */,
			);
			defaultConfigurationIsVisible = 0;
			defaultConfigurationName = Release;
		};
		514CA00B1D5F90D5005D70E0 /* Build configuration list for PBXNativeTarget "SAPcontainer" */ = {
			isa = XCConfigurationList;
			buildConfigurations = (
				514CA00C1D5F90D5005D70E0 /* Debug */,
				514CA00D1D5F90D5005D70E0 /* Release */,
			);
			defaultConfigurationIsVisible = 0;
			defaultConfigurationName = Release;
		};
/* End XCConfigurationList section */

/* Begin XCVersionGroup section */
		475ED2F41E525A1800D5BE71 /* AdientSapStore.xcdatamodeld */ = {
			isa = XCVersionGroup;
			children = (
				475ED2F51E525A1800D5BE71 /* AdientSapStore.xcdatamodel */,
			);
			currentVersion = 475ED2F51E525A1800D5BE71 /* AdientSapStore.xcdatamodel */;
			path = AdientSapStore.xcdatamodeld;
			sourceTree = "<group>";
			versionGroupType = wrapper.xcdatamodel;
		};
/* End XCVersionGroup section */
	};
	rootObject = 514C9FF11D5F90D5005D70E0 /* Project object */;
}
